
Microsoft Visual Studio Solution File, Format Version 12.00
# Visual Studio Version 16
VisualStudioVersion = 16.0.29613.14
MinimumVisualStudioVersion = 10.0.40219.1
Project("{9A19103F-16F7-4668-BE54-9A1E7A4F7556}") = "FileUploader", "FileUploader\FileUploader.csproj", "{517D460F-6E20-4ECC-BC28-1A102B7F10A2}"
EndProject
Project("{9A19103F-16F7-4668-BE54-9A1E7A4F7556}") = "FileUploadListener", "FileUploadListener\FileUploadListener.csproj", "{03BE9891-4C90-4C00-BD75-B8B69E107AAB}"
EndProject
Project("{9A19103F-16F7-4668-BE54-9A1E7A4F7556}") = "Data", "Data\Data.csproj", "{42D0308F-F3A5-4B84-BEBE-21DEB47AAFF3}"
EndProject
Global
	GlobalSection(SolutionConfigurationPlatforms) = preSolution
		Debug|Any CPU = Debug|Any CPU
		Release|Any CPU = Release|Any CPU
	EndGlobalSection
	GlobalSection(ProjectConfigurationPlatforms) = postSolution
		{517D460F-6E20-4ECC-BC28-1A102B7F10A2}.Debug|Any CPU.ActiveCfg = Debug|Any CPU
		{517D460F-6E20-4ECC-BC28-1A102B7F10A2}.Debug|Any CPU.Build.0 = Debug|Any CPU
		{517D460F-6E20-4ECC-BC28-1A102B7F10A2}.Release|Any CPU.ActiveCfg = Release|Any CPU
		{517D460F-6E20-4ECC-BC28-1A102B7F10A2}.Release|Any CPU.Build.0 = Release|Any CPU
		{03BE9891-4C90-4C00-BD75-B8B69E107AAB}.Debug|Any CPU.ActiveCfg = Debug|Any CPU
		{03BE9891-4C90-4C00-BD75-B8B69E107AAB}.Debug|Any CPU.Build.0 = Debug|Any CPU
		{03BE9891-4C90-4C00-BD75-B8B69E107AAB}.Release|Any CPU.ActiveCfg = Release|Any CPU
		{03BE9891-4C90-4C00-BD75-B8B69E107AAB}.Release|Any CPU.Build.0 = Release|Any CPU
		{42D0308F-F3A5-4B84-BEBE-21DEB47AAFF3}.Debug|Any CPU.ActiveCfg = Debug|Any CPU
		{42D0308F-F3A5-4B84-BEBE-21DEB47AAFF3}.Debug|Any CPU.Build.0 = Debug|Any CPU
		{42D0308F-F3A5-4B84-BEBE-21DEB47AAFF3}.Release|Any CPU.ActiveCfg = Release|Any CPU
		{42D0308F-F3A5-4B84-BEBE-21DEB47AAFF3}.Release|Any CPU.Build.0 = Release|Any CPU
	EndGlobalSection
	GlobalSection(SolutionProperties) = preSolution
		HideSolutionNode = FALSE
	EndGlobalSection
	GlobalSection(ExtensibilityGlobals) = postSolution
		SolutionGuid = {08CD95B2-E3FE-45CC-861C-B73D3EBC1A9C}
	EndGlobalSection
EndGlobal
