
Microsoft Visual Studio Solution File, Format Version 12.00
# Visual Studio Version 16
VisualStudioVersion = 16.0.30804.86
MinimumVisualStudioVersion = 10.0.40219.1
Project("{9A19103F-16F7-4668-BE54-9A1E7A4F7556}") = "Functions", "Functions\Functions.csproj", "{6FD054BB-AEE7-471D-9D31-46882DE4684F}"
EndProject
Project("{2150E333-8FDC-42A3-9474-1A3956D46DE8}") = "AudioFiles", "AudioFiles", "{A282455C-D0A3-410F-B475-919E43684C51}"
EndProject
Project("{9A19103F-16F7-4668-BE54-9A1E7A4F7556}") = "AudioFiles.Contracts", "Services\AudioFiles\Contracts\AudioFiles.Contracts.csproj", "{1D9C1034-CB4A-4797-8622-F2CDD928782F}"
EndProject
Project("{9A19103F-16F7-4668-BE54-9A1E7A4F7556}") = "AudioFiles.Services", "Services\AudioFiles\Services\AudioFiles.Services.csproj", "{B88B416D-2BFE-4E87-8B32-DC6953D0D16E}"
EndProject
Project("{9A19103F-16F7-4668-BE54-9A1E7A4F7556}") = "AudioFiles.DataAccess.Contracts", "Services\AudioFiles\DataAccess.Contracts\AudioFiles.DataAccess.Contracts.csproj", "{6E482413-1749-4D6F-870C-DCA9BC3BAD32}"
EndProject
Project("{9A19103F-16F7-4668-BE54-9A1E7A4F7556}") = "AudioFiles.DataAccess", "Services\AudioFiles\DataAccess\AudioFiles.DataAccess.csproj", "{D27B6CF0-BFAB-4652-9F6E-38E57456E47B}"
EndProject
Project("{2150E333-8FDC-42A3-9474-1A3956D46DE8}") = "Core", "Core", "{248F1D78-8519-4898-A860-E1BF37A41560}"
EndProject
Project("{9A19103F-16F7-4668-BE54-9A1E7A4F7556}") = "DataAccess", "Core\DataAccess\DataAccess.csproj", "{35F59A62-11C3-4984-B7B9-FAF99933A416}"
EndProject
Project("{9A19103F-16F7-4668-BE54-9A1E7A4F7556}") = "DataAccess.Contracts", "Core\DataAccess.Contracts\DataAccess.Contracts.csproj", "{7CE265EF-E1A1-4FF7-9668-A6667217EBA9}"
EndProject
Project("{9A19103F-16F7-4668-BE54-9A1E7A4F7556}") = "DataAccess.Migrations", "Core\DataAccess.Migrations\DataAccess.Migrations.csproj", "{21E8580C-8B84-4163-8B51-013E2B345A4D}"
EndProject
Project("{2150E333-8FDC-42A3-9474-1A3956D46DE8}") = "People", "People", "{636BC388-758D-4597-83A0-4144ADAEE120}"
EndProject
Project("{9A19103F-16F7-4668-BE54-9A1E7A4F7556}") = "People.DataAccess.Contracts", "Services\People\DataAccess.Contracts\People.DataAccess.Contracts.csproj", "{BBD4B2B3-31E1-41A1-BB96-6C8595D4F1DB}"
EndProject
Project("{9A19103F-16F7-4668-BE54-9A1E7A4F7556}") = "People.Contracts", "Services\People\Contracts\People.Contracts.csproj", "{3879D859-5FA1-4A49-BC31-540F1FD6D9CE}"
EndProject
Project("{9A19103F-16F7-4668-BE54-9A1E7A4F7556}") = "People.Services", "Services\People\Services\People.Services.csproj", "{EF9031BD-19A1-4A8C-8AD9-382EFDCD980E}"
EndProject
Project("{9A19103F-16F7-4668-BE54-9A1E7A4F7556}") = "People.DataAccess", "Services\People\DataAccess\People.DataAccess.csproj", "{B35D8440-B04B-4103-97B2-1AB84295CF8D}"
EndProject
Project("{2150E333-8FDC-42A3-9474-1A3956D46DE8}") = "Organizations", "Organizations", "{DCE2C87A-E75C-4514-994C-568CE396F7E9}"
EndProject
Project("{9A19103F-16F7-4668-BE54-9A1E7A4F7556}") = "Organizations.Contracts", "Services\Organizations\Contracts\Organizations.Contracts.csproj", "{91920E4C-6D3C-4DEE-A871-AAC71FEB3A20}"
EndProject
Project("{9A19103F-16F7-4668-BE54-9A1E7A4F7556}") = "Organizations.DataAccess.Contracts", "Services\Organizations\DataAccess.Contracts\Organizations.DataAccess.Contracts.csproj", "{3FBAC2CB-E337-490C-AF36-DC157E0D3425}"
EndProject
Project("{9A19103F-16F7-4668-BE54-9A1E7A4F7556}") = "Organizations.DataAccess", "Services\Organizations\DataAccess\Organizations.DataAccess.csproj", "{560EDBCB-5317-4F21-BA78-5DCE39FAFBBD}"
EndProject
Project("{9A19103F-16F7-4668-BE54-9A1E7A4F7556}") = "Organizations.Services", "Services\Organizations\Services\Organizations.Services.csproj", "{D14868EA-9501-4C7E-89F0-1E9C1A8847C2}"
EndProject
Project("{2150E333-8FDC-42A3-9474-1A3956D46DE8}") = "Services", "Services", "{6FFA0DE3-925A-407A-8EDE-93CCB872E8A9}"
EndProject
Project("{2150E333-8FDC-42A3-9474-1A3956D46DE8}") = "Tags", "Tags", "{49280CC6-3AEC-45A8-AC1A-EA9A27998070}"
EndProject
Project("{FAE04EC0-301F-11D3-BF4B-00C04F79EFBC}") = "Tags.Services", "Services\Tags\Services\Tags.Services.csproj", "{DD9453CA-46FB-4D88-9798-E5E52A866410}"
EndProject
Project("{FAE04EC0-301F-11D3-BF4B-00C04F79EFBC}") = "Tags.Contracts", "Services\Tags\Contracts\Tags.Contracts.csproj", "{266DAB87-8041-4B8C-BE44-11D598B7BDBD}"
EndProject
Project("{FAE04EC0-301F-11D3-BF4B-00C04F79EFBC}") = "Tags.DataAccess", "Services\Tags\DataAccess\Tags.DataAccess.csproj", "{A3C1A3B4-A49C-44AF-8C33-B7D780705748}"
EndProject
Project("{FAE04EC0-301F-11D3-BF4B-00C04F79EFBC}") = "Tags.DataAccess.Contracts", "Services\Tags\DataAccess.Contracts\Tags.DataAccess.Contracts.csproj", "{B4C74FA6-3FAC-4D8A-97FC-A835A13BCD2C}"
EndProject
Global
	GlobalSection(SolutionConfigurationPlatforms) = preSolution
		Debug|Any CPU = Debug|Any CPU
		Release|Any CPU = Release|Any CPU
	EndGlobalSection
	GlobalSection(ProjectConfigurationPlatforms) = postSolution
		{6FD054BB-AEE7-471D-9D31-46882DE4684F}.Debug|Any CPU.ActiveCfg = Debug|Any CPU
		{6FD054BB-AEE7-471D-9D31-46882DE4684F}.Debug|Any CPU.Build.0 = Debug|Any CPU
		{6FD054BB-AEE7-471D-9D31-46882DE4684F}.Release|Any CPU.ActiveCfg = Release|Any CPU
		{6FD054BB-AEE7-471D-9D31-46882DE4684F}.Release|Any CPU.Build.0 = Release|Any CPU
		{1D9C1034-CB4A-4797-8622-F2CDD928782F}.Debug|Any CPU.ActiveCfg = Debug|Any CPU
		{1D9C1034-CB4A-4797-8622-F2CDD928782F}.Debug|Any CPU.Build.0 = Debug|Any CPU
		{1D9C1034-CB4A-4797-8622-F2CDD928782F}.Release|Any CPU.ActiveCfg = Release|Any CPU
		{1D9C1034-CB4A-4797-8622-F2CDD928782F}.Release|Any CPU.Build.0 = Release|Any CPU
		{B88B416D-2BFE-4E87-8B32-DC6953D0D16E}.Debug|Any CPU.ActiveCfg = Debug|Any CPU
		{B88B416D-2BFE-4E87-8B32-DC6953D0D16E}.Debug|Any CPU.Build.0 = Debug|Any CPU
		{B88B416D-2BFE-4E87-8B32-DC6953D0D16E}.Release|Any CPU.ActiveCfg = Release|Any CPU
		{B88B416D-2BFE-4E87-8B32-DC6953D0D16E}.Release|Any CPU.Build.0 = Release|Any CPU
		{6E482413-1749-4D6F-870C-DCA9BC3BAD32}.Debug|Any CPU.ActiveCfg = Debug|Any CPU
		{6E482413-1749-4D6F-870C-DCA9BC3BAD32}.Debug|Any CPU.Build.0 = Debug|Any CPU
		{6E482413-1749-4D6F-870C-DCA9BC3BAD32}.Release|Any CPU.ActiveCfg = Release|Any CPU
		{6E482413-1749-4D6F-870C-DCA9BC3BAD32}.Release|Any CPU.Build.0 = Release|Any CPU
		{D27B6CF0-BFAB-4652-9F6E-38E57456E47B}.Debug|Any CPU.ActiveCfg = Debug|Any CPU
		{D27B6CF0-BFAB-4652-9F6E-38E57456E47B}.Debug|Any CPU.Build.0 = Debug|Any CPU
		{D27B6CF0-BFAB-4652-9F6E-38E57456E47B}.Release|Any CPU.ActiveCfg = Release|Any CPU
		{D27B6CF0-BFAB-4652-9F6E-38E57456E47B}.Release|Any CPU.Build.0 = Release|Any CPU
		{35F59A62-11C3-4984-B7B9-FAF99933A416}.Debug|Any CPU.ActiveCfg = Debug|Any CPU
		{35F59A62-11C3-4984-B7B9-FAF99933A416}.Debug|Any CPU.Build.0 = Debug|Any CPU
		{35F59A62-11C3-4984-B7B9-FAF99933A416}.Release|Any CPU.ActiveCfg = Release|Any CPU
		{35F59A62-11C3-4984-B7B9-FAF99933A416}.Release|Any CPU.Build.0 = Release|Any CPU
		{7CE265EF-E1A1-4FF7-9668-A6667217EBA9}.Debug|Any CPU.ActiveCfg = Debug|Any CPU
		{7CE265EF-E1A1-4FF7-9668-A6667217EBA9}.Debug|Any CPU.Build.0 = Debug|Any CPU
		{7CE265EF-E1A1-4FF7-9668-A6667217EBA9}.Release|Any CPU.ActiveCfg = Release|Any CPU
		{7CE265EF-E1A1-4FF7-9668-A6667217EBA9}.Release|Any CPU.Build.0 = Release|Any CPU
		{21E8580C-8B84-4163-8B51-013E2B345A4D}.Debug|Any CPU.ActiveCfg = Debug|Any CPU
		{21E8580C-8B84-4163-8B51-013E2B345A4D}.Debug|Any CPU.Build.0 = Debug|Any CPU
		{21E8580C-8B84-4163-8B51-013E2B345A4D}.Release|Any CPU.ActiveCfg = Release|Any CPU
		{21E8580C-8B84-4163-8B51-013E2B345A4D}.Release|Any CPU.Build.0 = Release|Any CPU
		{BBD4B2B3-31E1-41A1-BB96-6C8595D4F1DB}.Debug|Any CPU.ActiveCfg = Debug|Any CPU
		{BBD4B2B3-31E1-41A1-BB96-6C8595D4F1DB}.Debug|Any CPU.Build.0 = Debug|Any CPU
		{BBD4B2B3-31E1-41A1-BB96-6C8595D4F1DB}.Release|Any CPU.ActiveCfg = Release|Any CPU
		{BBD4B2B3-31E1-41A1-BB96-6C8595D4F1DB}.Release|Any CPU.Build.0 = Release|Any CPU
		{3879D859-5FA1-4A49-BC31-540F1FD6D9CE}.Debug|Any CPU.ActiveCfg = Debug|Any CPU
		{3879D859-5FA1-4A49-BC31-540F1FD6D9CE}.Debug|Any CPU.Build.0 = Debug|Any CPU
		{3879D859-5FA1-4A49-BC31-540F1FD6D9CE}.Release|Any CPU.ActiveCfg = Release|Any CPU
		{3879D859-5FA1-4A49-BC31-540F1FD6D9CE}.Release|Any CPU.Build.0 = Release|Any CPU
		{EF9031BD-19A1-4A8C-8AD9-382EFDCD980E}.Debug|Any CPU.ActiveCfg = Debug|Any CPU
		{EF9031BD-19A1-4A8C-8AD9-382EFDCD980E}.Debug|Any CPU.Build.0 = Debug|Any CPU
		{EF9031BD-19A1-4A8C-8AD9-382EFDCD980E}.Release|Any CPU.ActiveCfg = Release|Any CPU
		{EF9031BD-19A1-4A8C-8AD9-382EFDCD980E}.Release|Any CPU.Build.0 = Release|Any CPU
		{B35D8440-B04B-4103-97B2-1AB84295CF8D}.Debug|Any CPU.ActiveCfg = Debug|Any CPU
		{B35D8440-B04B-4103-97B2-1AB84295CF8D}.Debug|Any CPU.Build.0 = Debug|Any CPU
		{B35D8440-B04B-4103-97B2-1AB84295CF8D}.Release|Any CPU.ActiveCfg = Release|Any CPU
		{B35D8440-B04B-4103-97B2-1AB84295CF8D}.Release|Any CPU.Build.0 = Release|Any CPU
		{91920E4C-6D3C-4DEE-A871-AAC71FEB3A20}.Debug|Any CPU.ActiveCfg = Debug|Any CPU
		{91920E4C-6D3C-4DEE-A871-AAC71FEB3A20}.Debug|Any CPU.Build.0 = Debug|Any CPU
		{91920E4C-6D3C-4DEE-A871-AAC71FEB3A20}.Release|Any CPU.ActiveCfg = Release|Any CPU
		{91920E4C-6D3C-4DEE-A871-AAC71FEB3A20}.Release|Any CPU.Build.0 = Release|Any CPU
		{3FBAC2CB-E337-490C-AF36-DC157E0D3425}.Debug|Any CPU.ActiveCfg = Debug|Any CPU
		{3FBAC2CB-E337-490C-AF36-DC157E0D3425}.Debug|Any CPU.Build.0 = Debug|Any CPU
		{3FBAC2CB-E337-490C-AF36-DC157E0D3425}.Release|Any CPU.ActiveCfg = Release|Any CPU
		{3FBAC2CB-E337-490C-AF36-DC157E0D3425}.Release|Any CPU.Build.0 = Release|Any CPU
		{560EDBCB-5317-4F21-BA78-5DCE39FAFBBD}.Debug|Any CPU.ActiveCfg = Debug|Any CPU
		{560EDBCB-5317-4F21-BA78-5DCE39FAFBBD}.Debug|Any CPU.Build.0 = Debug|Any CPU
		{560EDBCB-5317-4F21-BA78-5DCE39FAFBBD}.Release|Any CPU.ActiveCfg = Release|Any CPU
		{560EDBCB-5317-4F21-BA78-5DCE39FAFBBD}.Release|Any CPU.Build.0 = Release|Any CPU
		{D14868EA-9501-4C7E-89F0-1E9C1A8847C2}.Debug|Any CPU.ActiveCfg = Debug|Any CPU
		{D14868EA-9501-4C7E-89F0-1E9C1A8847C2}.Debug|Any CPU.Build.0 = Debug|Any CPU
		{D14868EA-9501-4C7E-89F0-1E9C1A8847C2}.Release|Any CPU.ActiveCfg = Release|Any CPU
		{D14868EA-9501-4C7E-89F0-1E9C1A8847C2}.Release|Any CPU.Build.0 = Release|Any CPU
		{DD9453CA-46FB-4D88-9798-E5E52A866410}.Debug|Any CPU.ActiveCfg = Debug|Any CPU
		{DD9453CA-46FB-4D88-9798-E5E52A866410}.Debug|Any CPU.Build.0 = Debug|Any CPU
		{DD9453CA-46FB-4D88-9798-E5E52A866410}.Release|Any CPU.ActiveCfg = Release|Any CPU
		{DD9453CA-46FB-4D88-9798-E5E52A866410}.Release|Any CPU.Build.0 = Release|Any CPU
		{266DAB87-8041-4B8C-BE44-11D598B7BDBD}.Debug|Any CPU.ActiveCfg = Debug|Any CPU
		{266DAB87-8041-4B8C-BE44-11D598B7BDBD}.Debug|Any CPU.Build.0 = Debug|Any CPU
		{266DAB87-8041-4B8C-BE44-11D598B7BDBD}.Release|Any CPU.ActiveCfg = Release|Any CPU
		{266DAB87-8041-4B8C-BE44-11D598B7BDBD}.Release|Any CPU.Build.0 = Release|Any CPU
		{A3C1A3B4-A49C-44AF-8C33-B7D780705748}.Debug|Any CPU.ActiveCfg = Debug|Any CPU
		{A3C1A3B4-A49C-44AF-8C33-B7D780705748}.Debug|Any CPU.Build.0 = Debug|Any CPU
		{A3C1A3B4-A49C-44AF-8C33-B7D780705748}.Release|Any CPU.ActiveCfg = Release|Any CPU
		{A3C1A3B4-A49C-44AF-8C33-B7D780705748}.Release|Any CPU.Build.0 = Release|Any CPU
		{B4C74FA6-3FAC-4D8A-97FC-A835A13BCD2C}.Debug|Any CPU.ActiveCfg = Debug|Any CPU
		{B4C74FA6-3FAC-4D8A-97FC-A835A13BCD2C}.Debug|Any CPU.Build.0 = Debug|Any CPU
		{B4C74FA6-3FAC-4D8A-97FC-A835A13BCD2C}.Release|Any CPU.ActiveCfg = Release|Any CPU
		{B4C74FA6-3FAC-4D8A-97FC-A835A13BCD2C}.Release|Any CPU.Build.0 = Release|Any CPU
	EndGlobalSection
	GlobalSection(SolutionProperties) = preSolution
		HideSolutionNode = FALSE
	EndGlobalSection
	GlobalSection(NestedProjects) = preSolution
		{A282455C-D0A3-410F-B475-919E43684C51} = {6FFA0DE3-925A-407A-8EDE-93CCB872E8A9}
		{1D9C1034-CB4A-4797-8622-F2CDD928782F} = {A282455C-D0A3-410F-B475-919E43684C51}
		{B88B416D-2BFE-4E87-8B32-DC6953D0D16E} = {A282455C-D0A3-410F-B475-919E43684C51}
		{6E482413-1749-4D6F-870C-DCA9BC3BAD32} = {A282455C-D0A3-410F-B475-919E43684C51}
		{D27B6CF0-BFAB-4652-9F6E-38E57456E47B} = {A282455C-D0A3-410F-B475-919E43684C51}
		{35F59A62-11C3-4984-B7B9-FAF99933A416} = {248F1D78-8519-4898-A860-E1BF37A41560}
		{7CE265EF-E1A1-4FF7-9668-A6667217EBA9} = {248F1D78-8519-4898-A860-E1BF37A41560}
		{21E8580C-8B84-4163-8B51-013E2B345A4D} = {248F1D78-8519-4898-A860-E1BF37A41560}
		{636BC388-758D-4597-83A0-4144ADAEE120} = {6FFA0DE3-925A-407A-8EDE-93CCB872E8A9}
		{BBD4B2B3-31E1-41A1-BB96-6C8595D4F1DB} = {636BC388-758D-4597-83A0-4144ADAEE120}
		{3879D859-5FA1-4A49-BC31-540F1FD6D9CE} = {636BC388-758D-4597-83A0-4144ADAEE120}
		{EF9031BD-19A1-4A8C-8AD9-382EFDCD980E} = {636BC388-758D-4597-83A0-4144ADAEE120}
		{B35D8440-B04B-4103-97B2-1AB84295CF8D} = {636BC388-758D-4597-83A0-4144ADAEE120}
		{DCE2C87A-E75C-4514-994C-568CE396F7E9} = {6FFA0DE3-925A-407A-8EDE-93CCB872E8A9}
		{91920E4C-6D3C-4DEE-A871-AAC71FEB3A20} = {DCE2C87A-E75C-4514-994C-568CE396F7E9}
		{3FBAC2CB-E337-490C-AF36-DC157E0D3425} = {DCE2C87A-E75C-4514-994C-568CE396F7E9}
		{560EDBCB-5317-4F21-BA78-5DCE39FAFBBD} = {DCE2C87A-E75C-4514-994C-568CE396F7E9}
		{D14868EA-9501-4C7E-89F0-1E9C1A8847C2} = {DCE2C87A-E75C-4514-994C-568CE396F7E9}
		{49280CC6-3AEC-45A8-AC1A-EA9A27998070} = {6FFA0DE3-925A-407A-8EDE-93CCB872E8A9}
		{DD9453CA-46FB-4D88-9798-E5E52A866410} = {49280CC6-3AEC-45A8-AC1A-EA9A27998070}
		{266DAB87-8041-4B8C-BE44-11D598B7BDBD} = {49280CC6-3AEC-45A8-AC1A-EA9A27998070}
		{A3C1A3B4-A49C-44AF-8C33-B7D780705748} = {49280CC6-3AEC-45A8-AC1A-EA9A27998070}
		{B4C74FA6-3FAC-4D8A-97FC-A835A13BCD2C} = {49280CC6-3AEC-45A8-AC1A-EA9A27998070}
	EndGlobalSection
	GlobalSection(ExtensibilityGlobals) = postSolution
		SolutionGuid = {8BF08BED-9500-42FB-AC27-D131985CC781}
	EndGlobalSection
EndGlobal
